
Microsoft Visual Studio Solution File, Format Version 12.00
# Visual Studio 15
VisualStudioVersion = 15.0.26730.12
MinimumVisualStudioVersion = 10.0.40219.1
Project("{FAE04EC0-301F-11D3-BF4B-00C04F79EFBC}") = "Meningskonverterare", "Meningskonverterare\Meningskonverterare.csproj", "{135A6F8D-A54F-4564-BA7A-BC6D20259880}"
EndProject
Global
	GlobalSection(SolutionConfigurationPlatforms) = preSolution
		Debug|Any CPU = Debug|Any CPU
		Release|Any CPU = Release|Any CPU
	EndGlobalSection
	GlobalSection(ProjectConfigurationPlatforms) = postSolution
		{135A6F8D-A54F-4564-BA7A-BC6D20259880}.Debug|Any CPU.ActiveCfg = Debug|Any CPU
		{135A6F8D-A54F-4564-BA7A-BC6D20259880}.Debug|Any CPU.Build.0 = Debug|Any CPU
		{135A6F8D-A54F-4564-BA7A-BC6D20259880}.Release|Any CPU.ActiveCfg = Release|Any CPU
		{135A6F8D-A54F-4564-BA7A-BC6D20259880}.Release|Any CPU.Build.0 = Release|Any CPU
	EndGlobalSection
	GlobalSection(SolutionProperties) = preSolution
		HideSolutionNode = FALSE
	EndGlobalSection
	GlobalSection(ExtensibilityGlobals) = postSolution
		SolutionGuid = {B09EB537-13BE-4170-AAD3-98CEAA9DCA03}
	EndGlobalSection
EndGlobal
